
Microsoft Visual Studio Solution File, Format Version 12.00
# Visual Studio Version 16
VisualStudioVersion = 16.0.30621.155
MinimumVisualStudioVersion = 10.0.40219.1
Project("{FAE04EC0-301F-11D3-BF4B-00C04F79EFBC}") = "ConsoleAppLab1", "ConsoleAppLab1\ConsoleAppLab1.csproj", "{566CF8D1-E845-42FC-A752-26FBC8BE9750}"
EndProject
Global
	GlobalSection(SolutionConfigurationPlatforms) = preSolution
		Debug|Any CPU = Debug|Any CPU
		Release|Any CPU = Release|Any CPU
	EndGlobalSection
	GlobalSection(ProjectConfigurationPlatforms) = postSolution
		{566CF8D1-E845-42FC-A752-26FBC8BE9750}.Debug|Any CPU.ActiveCfg = Debug|Any CPU
		{566CF8D1-E845-42FC-A752-26FBC8BE9750}.Debug|Any CPU.Build.0 = Debug|Any CPU
		{566CF8D1-E845-42FC-A752-26FBC8BE9750}.Release|Any CPU.ActiveCfg = Release|Any CPU
		{566CF8D1-E845-42FC-A752-26FBC8BE9750}.Release|Any CPU.Build.0 = Release|Any CPU
	EndGlobalSection
	GlobalSection(SolutionProperties) = preSolution
		HideSolutionNode = FALSE
	EndGlobalSection
	GlobalSection(ExtensibilityGlobals) = postSolution
		SolutionGuid = {57889108-83CC-4EF6-AF66-64AA8EB7A972}
	EndGlobalSection
EndGlobal
